
Microsoft Visual Studio Solution File, Format Version 12.00
# Visual Studio Version 16
VisualStudioVersion = 16.0.29324.140
MinimumVisualStudioVersion = 10.0.40219.1
Project("{FAE04EC0-301F-11D3-BF4B-00C04F79EFBC}") = "karambol", "karambol\karambol.csproj", "{76D63CC2-AA72-4533-A4A2-D5FBE8A9F182}"
EndProject
Global
	GlobalSection(SolutionConfigurationPlatforms) = preSolution
		Debug|Any CPU = Debug|Any CPU
		Release|Any CPU = Release|Any CPU
	EndGlobalSection
	GlobalSection(ProjectConfigurationPlatforms) = postSolution
		{76D63CC2-AA72-4533-A4A2-D5FBE8A9F182}.Debug|Any CPU.ActiveCfg = Debug|Any CPU
		{76D63CC2-AA72-4533-A4A2-D5FBE8A9F182}.Debug|Any CPU.Build.0 = Debug|Any CPU
		{76D63CC2-AA72-4533-A4A2-D5FBE8A9F182}.Release|Any CPU.ActiveCfg = Release|Any CPU
		{76D63CC2-AA72-4533-A4A2-D5FBE8A9F182}.Release|Any CPU.Build.0 = Release|Any CPU
	EndGlobalSection
	GlobalSection(SolutionProperties) = preSolution
		HideSolutionNode = FALSE
	EndGlobalSection
	GlobalSection(ExtensibilityGlobals) = postSolution
		SolutionGuid = {74BE0B58-6F03-4C2C-A1CA-D4BAAD2E41B3}
	EndGlobalSection
EndGlobal
